
Microsoft Visual Studio Solution File, Format Version 12.00
# Visual Studio Version 17
VisualStudioVersion = 17.0.31903.59
MinimumVisualStudioVersion = 10.0.40219.1
Project("{2150E333-8FDC-42A3-9474-1A3956D46DE8}") = "src", "src", "{C52A32C0-D965-49C0-BB33-5751F173EEEC}"
EndProject
Project("{FAE04EC0-301F-11D3-BF4B-00C04F79EFBC}") = "CommandLineParser", "src\CommandLineParser\CommandLineParser.csproj", "{AEF116CB-998D-4681-B3F2-99975512A233}"
EndProject
Project("{2150E333-8FDC-42A3-9474-1A3956D46DE8}") = "tests", "tests", "{562291EA-C23B-468A-8BDD-C6580E85326A}"
EndProject
Project("{FAE04EC0-301F-11D3-BF4B-00C04F79EFBC}") = "CommandLineParser.Tests", "tests\CommandLineParser.Tests\CommandLineParser.Tests.csproj", "{AF83CA0C-8796-4960-9F2E-AFB56A439656}"
EndProject
Global
	GlobalSection(SolutionConfigurationPlatforms) = preSolution
		Debug|Any CPU = Debug|Any CPU
		Release|Any CPU = Release|Any CPU
	EndGlobalSection
	GlobalSection(SolutionProperties) = preSolution
		HideSolutionNode = FALSE
	EndGlobalSection
	GlobalSection(ProjectConfigurationPlatforms) = postSolution
		{AEF116CB-998D-4681-B3F2-99975512A233}.Debug|Any CPU.ActiveCfg = Debug|Any CPU
		{AEF116CB-998D-4681-B3F2-99975512A233}.Debug|Any CPU.Build.0 = Debug|Any CPU
		{AEF116CB-998D-4681-B3F2-99975512A233}.Release|Any CPU.ActiveCfg = Release|Any CPU
		{AEF116CB-998D-4681-B3F2-99975512A233}.Release|Any CPU.Build.0 = Release|Any CPU
		{AF83CA0C-8796-4960-9F2E-AFB56A439656}.Debug|Any CPU.ActiveCfg = Debug|Any CPU
		{AF83CA0C-8796-4960-9F2E-AFB56A439656}.Debug|Any CPU.Build.0 = Debug|Any CPU
		{AF83CA0C-8796-4960-9F2E-AFB56A439656}.Release|Any CPU.ActiveCfg = Release|Any CPU
		{AF83CA0C-8796-4960-9F2E-AFB56A439656}.Release|Any CPU.Build.0 = Release|Any CPU
	EndGlobalSection
	GlobalSection(NestedProjects) = preSolution
		{AEF116CB-998D-4681-B3F2-99975512A233} = {C52A32C0-D965-49C0-BB33-5751F173EEEC}
		{AF83CA0C-8796-4960-9F2E-AFB56A439656} = {562291EA-C23B-468A-8BDD-C6580E85326A}
	EndGlobalSection
EndGlobal
